
Microsoft Visual Studio Solution File, Format Version 12.00
# Visual Studio 15
VisualStudioVersion = 15.0.27428.2015
MinimumVisualStudioVersion = 10.0.40219.1
Project("{FAE04EC0-301F-11D3-BF4B-00C04F79EFBC}") = "HomeWork_6", "HomeWork_6\HomeWork_6.csproj", "{C5F2AEA9-45A2-440B-BBA7-06B48CB656C7}"
EndProject
Project("{FAE04EC0-301F-11D3-BF4B-00C04F79EFBC}") = "ClassUniversity", "ClassUniversity\ClassUniversity.csproj", "{B2047248-247E-4B0C-BE6E-59CCF9691FA5}"
EndProject
Global
	GlobalSection(SolutionConfigurationPlatforms) = preSolution
		Debug|Any CPU = Debug|Any CPU
		Release|Any CPU = Release|Any CPU
	EndGlobalSection
	GlobalSection(ProjectConfigurationPlatforms) = postSolution
		{C5F2AEA9-45A2-440B-BBA7-06B48CB656C7}.Debug|Any CPU.ActiveCfg = Debug|Any CPU
		{C5F2AEA9-45A2-440B-BBA7-06B48CB656C7}.Debug|Any CPU.Build.0 = Debug|Any CPU
		{C5F2AEA9-45A2-440B-BBA7-06B48CB656C7}.Release|Any CPU.ActiveCfg = Release|Any CPU
		{C5F2AEA9-45A2-440B-BBA7-06B48CB656C7}.Release|Any CPU.Build.0 = Release|Any CPU
		{B2047248-247E-4B0C-BE6E-59CCF9691FA5}.Debug|Any CPU.ActiveCfg = Debug|Any CPU
		{B2047248-247E-4B0C-BE6E-59CCF9691FA5}.Debug|Any CPU.Build.0 = Debug|Any CPU
		{B2047248-247E-4B0C-BE6E-59CCF9691FA5}.Release|Any CPU.ActiveCfg = Release|Any CPU
		{B2047248-247E-4B0C-BE6E-59CCF9691FA5}.Release|Any CPU.Build.0 = Release|Any CPU
	EndGlobalSection
	GlobalSection(SolutionProperties) = preSolution
		HideSolutionNode = FALSE
	EndGlobalSection
	GlobalSection(ExtensibilityGlobals) = postSolution
		SolutionGuid = {F6CE2675-6725-423B-A821-84C68B6A53ED}
	EndGlobalSection
EndGlobal
