
Microsoft Visual Studio Solution File, Format Version 12.00
# Visual Studio 15
VisualStudioVersion = 15.0.27428.2015
MinimumVisualStudioVersion = 10.0.40219.1
Project("{2150E333-8FDC-42A3-9474-1A3956D46DE8}") = "DataBaseEntity", "DataBaseEntity", "{28C0BE23-7237-4BA4-BE52-B62146D5F0D7}"
EndProject
Project("{FAE04EC0-301F-11D3-BF4B-00C04F79EFBC}") = "DateBaseLibraryEntiti", "DateBaseLibraryEntiti\DateBaseLibraryEntiti.csproj", "{2A347E84-0AC2-483C-946C-48D3C6FF9049}"
EndProject
Project("{2150E333-8FDC-42A3-9474-1A3956D46DE8}") = "ConnectionToDataBase", "ConnectionToDataBase", "{CA599161-EF0A-45D8-BDAC-6D18D2950650}"
EndProject
Project("{FAE04EC0-301F-11D3-BF4B-00C04F79EFBC}") = "ConnectionToDateBase", "Connection\ConnectionToDateBase.csproj", "{8F7FA65F-8E0D-4CCF-8096-A1FBA8818697}"
EndProject
Project("{2150E333-8FDC-42A3-9474-1A3956D46DE8}") = "Server", "Server", "{D7C7F5F9-A9E4-460B-B005-18CC8ECC6705}"
EndProject
Project("{FAE04EC0-301F-11D3-BF4B-00C04F79EFBC}") = "ServerRestaraunt", "ServerRestaraunt\ServerRestaraunt.csproj", "{9D7C859D-E30A-4E0E-B45C-E7C231442C9E}"
EndProject
Project("{FAE04EC0-301F-11D3-BF4B-00C04F79EFBC}") = "EntityMethods", "ConnectionMethods\EntityMethods.csproj", "{ADFF65DC-978C-4908-B64D-B9D04B68B70F}"
EndProject
Project("{2150E333-8FDC-42A3-9474-1A3956D46DE8}") = "Entities", "Entities", "{3CEF3B41-67AB-4264-A374-B4D1BB6345A0}"
EndProject
Project("{FAE04EC0-301F-11D3-BF4B-00C04F79EFBC}") = "LibraryEntities", "LibraryEntities\LibraryEntities.csproj", "{7057EE55-A710-43C7-B0EC-3E61E692FC8E}"
EndProject
Project("{FAE04EC0-301F-11D3-BF4B-00C04F79EFBC}") = "UnitTestForConnectionDateBase", "UnitTestForConnection\UnitTestForConnectionDateBase.csproj", "{8E0A6FD9-8120-4DCA-85BA-2B5328AB34A0}"
EndProject
Project("{2150E333-8FDC-42A3-9474-1A3956D46DE8}") = "TestProgram", "TestProgram", "{30503789-F988-4263-865D-951F378A5743}"
EndProject
Project("{FAE04EC0-301F-11D3-BF4B-00C04F79EFBC}") = "Test", "ConsoleApp1\Test.csproj", "{3B268220-51F1-4AD1-9E38-359CD191D5D6}"
EndProject
Project("{2150E333-8FDC-42A3-9474-1A3956D46DE8}") = "Client", "Client", "{4BB8582A-C4EB-4437-B761-B3293461EB74}"
EndProject
Project("{FAE04EC0-301F-11D3-BF4B-00C04F79EFBC}") = "ProductClient", "ProductClient\ProductClient.csproj", "{70535004-ADAF-4041-83B1-E0F22048B593}"
EndProject
Project("{FAE04EC0-301F-11D3-BF4B-00C04F79EFBC}") = "ClientConnection", "ClientConnection\ClientConnection.csproj", "{4945B546-747F-4DE7-8BDE-9BF123E5A1D8}"
EndProject
Global
	GlobalSection(SolutionConfigurationPlatforms) = preSolution
		Debug|Any CPU = Debug|Any CPU
		Release|Any CPU = Release|Any CPU
	EndGlobalSection
	GlobalSection(ProjectConfigurationPlatforms) = postSolution
		{2A347E84-0AC2-483C-946C-48D3C6FF9049}.Debug|Any CPU.ActiveCfg = Debug|Any CPU
		{2A347E84-0AC2-483C-946C-48D3C6FF9049}.Debug|Any CPU.Build.0 = Debug|Any CPU
		{2A347E84-0AC2-483C-946C-48D3C6FF9049}.Release|Any CPU.ActiveCfg = Release|Any CPU
		{2A347E84-0AC2-483C-946C-48D3C6FF9049}.Release|Any CPU.Build.0 = Release|Any CPU
		{8F7FA65F-8E0D-4CCF-8096-A1FBA8818697}.Debug|Any CPU.ActiveCfg = Debug|Any CPU
		{8F7FA65F-8E0D-4CCF-8096-A1FBA8818697}.Debug|Any CPU.Build.0 = Debug|Any CPU
		{8F7FA65F-8E0D-4CCF-8096-A1FBA8818697}.Release|Any CPU.ActiveCfg = Release|Any CPU
		{8F7FA65F-8E0D-4CCF-8096-A1FBA8818697}.Release|Any CPU.Build.0 = Release|Any CPU
		{9D7C859D-E30A-4E0E-B45C-E7C231442C9E}.Debug|Any CPU.ActiveCfg = Debug|Any CPU
		{9D7C859D-E30A-4E0E-B45C-E7C231442C9E}.Debug|Any CPU.Build.0 = Debug|Any CPU
		{9D7C859D-E30A-4E0E-B45C-E7C231442C9E}.Release|Any CPU.ActiveCfg = Release|Any CPU
		{9D7C859D-E30A-4E0E-B45C-E7C231442C9E}.Release|Any CPU.Build.0 = Release|Any CPU
		{ADFF65DC-978C-4908-B64D-B9D04B68B70F}.Debug|Any CPU.ActiveCfg = Debug|Any CPU
		{ADFF65DC-978C-4908-B64D-B9D04B68B70F}.Debug|Any CPU.Build.0 = Debug|Any CPU
		{ADFF65DC-978C-4908-B64D-B9D04B68B70F}.Release|Any CPU.ActiveCfg = Release|Any CPU
		{ADFF65DC-978C-4908-B64D-B9D04B68B70F}.Release|Any CPU.Build.0 = Release|Any CPU
		{7057EE55-A710-43C7-B0EC-3E61E692FC8E}.Debug|Any CPU.ActiveCfg = Debug|Any CPU
		{7057EE55-A710-43C7-B0EC-3E61E692FC8E}.Debug|Any CPU.Build.0 = Debug|Any CPU
		{7057EE55-A710-43C7-B0EC-3E61E692FC8E}.Release|Any CPU.ActiveCfg = Release|Any CPU
		{7057EE55-A710-43C7-B0EC-3E61E692FC8E}.Release|Any CPU.Build.0 = Release|Any CPU
		{8E0A6FD9-8120-4DCA-85BA-2B5328AB34A0}.Debug|Any CPU.ActiveCfg = Debug|Any CPU
		{8E0A6FD9-8120-4DCA-85BA-2B5328AB34A0}.Debug|Any CPU.Build.0 = Debug|Any CPU
		{8E0A6FD9-8120-4DCA-85BA-2B5328AB34A0}.Release|Any CPU.ActiveCfg = Release|Any CPU
		{8E0A6FD9-8120-4DCA-85BA-2B5328AB34A0}.Release|Any CPU.Build.0 = Release|Any CPU
		{3B268220-51F1-4AD1-9E38-359CD191D5D6}.Debug|Any CPU.ActiveCfg = Debug|Any CPU
		{3B268220-51F1-4AD1-9E38-359CD191D5D6}.Debug|Any CPU.Build.0 = Debug|Any CPU
		{3B268220-51F1-4AD1-9E38-359CD191D5D6}.Release|Any CPU.ActiveCfg = Release|Any CPU
		{3B268220-51F1-4AD1-9E38-359CD191D5D6}.Release|Any CPU.Build.0 = Release|Any CPU
		{70535004-ADAF-4041-83B1-E0F22048B593}.Debug|Any CPU.ActiveCfg = Debug|Any CPU
		{70535004-ADAF-4041-83B1-E0F22048B593}.Debug|Any CPU.Build.0 = Debug|Any CPU
		{70535004-ADAF-4041-83B1-E0F22048B593}.Release|Any CPU.ActiveCfg = Release|Any CPU
		{70535004-ADAF-4041-83B1-E0F22048B593}.Release|Any CPU.Build.0 = Release|Any CPU
		{4945B546-747F-4DE7-8BDE-9BF123E5A1D8}.Debug|Any CPU.ActiveCfg = Debug|Any CPU
		{4945B546-747F-4DE7-8BDE-9BF123E5A1D8}.Debug|Any CPU.Build.0 = Debug|Any CPU
		{4945B546-747F-4DE7-8BDE-9BF123E5A1D8}.Release|Any CPU.ActiveCfg = Release|Any CPU
		{4945B546-747F-4DE7-8BDE-9BF123E5A1D8}.Release|Any CPU.Build.0 = Release|Any CPU
	EndGlobalSection
	GlobalSection(SolutionProperties) = preSolution
		HideSolutionNode = FALSE
	EndGlobalSection
	GlobalSection(NestedProjects) = preSolution
		{2A347E84-0AC2-483C-946C-48D3C6FF9049} = {28C0BE23-7237-4BA4-BE52-B62146D5F0D7}
		{8F7FA65F-8E0D-4CCF-8096-A1FBA8818697} = {CA599161-EF0A-45D8-BDAC-6D18D2950650}
		{9D7C859D-E30A-4E0E-B45C-E7C231442C9E} = {D7C7F5F9-A9E4-460B-B005-18CC8ECC6705}
		{ADFF65DC-978C-4908-B64D-B9D04B68B70F} = {CA599161-EF0A-45D8-BDAC-6D18D2950650}
		{7057EE55-A710-43C7-B0EC-3E61E692FC8E} = {3CEF3B41-67AB-4264-A374-B4D1BB6345A0}
		{8E0A6FD9-8120-4DCA-85BA-2B5328AB34A0} = {CA599161-EF0A-45D8-BDAC-6D18D2950650}
		{3B268220-51F1-4AD1-9E38-359CD191D5D6} = {30503789-F988-4263-865D-951F378A5743}
		{70535004-ADAF-4041-83B1-E0F22048B593} = {4BB8582A-C4EB-4437-B761-B3293461EB74}
		{4945B546-747F-4DE7-8BDE-9BF123E5A1D8} = {4BB8582A-C4EB-4437-B761-B3293461EB74}
	EndGlobalSection
	GlobalSection(ExtensibilityGlobals) = postSolution
		SolutionGuid = {F36DF93E-05A8-4181-9373-6EA948A89DD3}
	EndGlobalSection
EndGlobal
